// !$*UTF8*$!
{
	archiveVersion = 1;
	classes = {
	};
	objectVersion = 55;
	objects = {

/* Begin PBXBuildFile section */
		17C380A3288ED14600D3EE9F /* AppDelegate.swift in Sources */ = {isa = PBXBuildFile; fileRef = 17C380A2288ED14600D3EE9F /* AppDelegate.swift */; };
		17C380A7288ED14600D3EE9F /* ExampleScrollableTabsViewController.swift in Sources */ = {isa = PBXBuildFile; fileRef = 17C380A6288ED14600D3EE9F /* ExampleScrollableTabsViewController.swift */; };
		17C380AA288ED14600D3EE9F /* Main.storyboard in Resources */ = {isa = PBXBuildFile; fileRef = 17C380A8288ED14600D3EE9F /* Main.storyboard */; };
		17C380AC288ED14800D3EE9F /* Assets.xcassets in Resources */ = {isa = PBXBuildFile; fileRef = 17C380AB288ED14800D3EE9F /* Assets.xcassets */; };
		17C380AF288ED14800D3EE9F /* LaunchScreen.storyboard in Resources */ = {isa = PBXBuildFile; fileRef = 17C380AD288ED14800D3EE9F /* LaunchScreen.storyboard */; };
		17C380B7288ED43900D3EE9F /* ScrollableTabs_Framework.framework in Frameworks */ = {isa = PBXBuildFile; fileRef = 17C380B6288ED43900D3EE9F /* ScrollableTabs_Framework.framework */; };
		17C380B8288ED43900D3EE9F /* ScrollableTabs_Framework.framework in Embed Frameworks */ = {isa = PBXBuildFile; fileRef = 17C380B6288ED43900D3EE9F /* ScrollableTabs_Framework.framework */; settings = {ATTRIBUTES = (CodeSignOnCopy, RemoveHeadersOnCopy, ); }; };
		745446EF3AE316CC52E93A75 /* Pods_ScrollableTabs_Example.framework in Frameworks */ = {isa = PBXBuildFile; fileRef = FF01DA99904B0BCC76561E86 /* Pods_ScrollableTabs_Example.framework */; };
/* End PBXBuildFile section */

/* Begin PBXCopyFilesBuildPhase section */
		17C380B9288ED43A00D3EE9F /* Embed Frameworks */ = {
			isa = PBXCopyFilesBuildPhase;
			buildActionMask = 2147483647;
			dstPath = "";
			dstSubfolderSpec = 10;
			files = (
				17C380B8288ED43900D3EE9F /* ScrollableTabs_Framework.framework in Embed Frameworks */,
			);
			name = "Embed Frameworks";
			runOnlyForDeploymentPostprocessing = 0;
		};
/* End PBXCopyFilesBuildPhase section */

/* Begin PBXFileReference section */
		17C3809F288ED14600D3EE9F /* ScrollableTabs_Example.app */ = {isa = PBXFileReference; explicitFileType = wrapper.application; includeInIndex = 0; path = ScrollableTabs_Example.app; sourceTree = BUILT_PRODUCTS_DIR; };
		17C380A2288ED14600D3EE9F /* AppDelegate.swift */ = {isa = PBXFileReference; lastKnownFileType = sourcecode.swift; path = AppDelegate.swift; sourceTree = "<group>"; };
		17C380A6288ED14600D3EE9F /* ExampleScrollableTabsViewController.swift */ = {isa = PBXFileReference; lastKnownFileType = sourcecode.swift; path = ExampleScrollableTabsViewController.swift; sourceTree = "<group>"; };
		17C380A9288ED14600D3EE9F /* Base */ = {isa = PBXFileReference; lastKnownFileType = file.storyboard; name = Base; path = Base.lproj/Main.storyboard; sourceTree = "<group>"; };
		17C380AB288ED14800D3EE9F /* Assets.xcassets */ = {isa = PBXFileReference; lastKnownFileType = folder.assetcatalog; path = Assets.xcassets; sourceTree = "<group>"; };
		17C380AE288ED14800D3EE9F /* Base */ = {isa = PBXFileReference; lastKnownFileType = file.storyboard; name = Base; path = Base.lproj/LaunchScreen.storyboard; sourceTree = "<group>"; };
		17C380B0288ED14800D3EE9F /* Info.plist */ = {isa = PBXFileReference; lastKnownFileType = text.plist.xml; path = Info.plist; sourceTree = "<group>"; };
		17C380B6288ED43900D3EE9F /* ScrollableTabs_Framework.framework */ = {isa = PBXFileReference; explicitFileType = wrapper.framework; path = ScrollableTabs_Framework.framework; sourceTree = BUILT_PRODUCTS_DIR; };
		683592F78434239863E0D89D /* Pods-ScrollableTabs_Example.release.xcconfig */ = {isa = PBXFileReference; includeInIndex = 1; lastKnownFileType = text.xcconfig; name = "Pods-ScrollableTabs_Example.release.xcconfig"; path = "Target Support Files/Pods-ScrollableTabs_Example/Pods-ScrollableTabs_Example.release.xcconfig"; sourceTree = "<group>"; };
		83CFA341A7E2AABFF3ED42B9 /* Pods-ScrollableTabs_Example.debug.xcconfig */ = {isa = PBXFileReference; includeInIndex = 1; lastKnownFileType = text.xcconfig; name = "Pods-ScrollableTabs_Example.debug.xcconfig"; path = "Target Support Files/Pods-ScrollableTabs_Example/Pods-ScrollableTabs_Example.debug.xcconfig"; sourceTree = "<group>"; };
		FF01DA99904B0BCC76561E86 /* Pods_ScrollableTabs_Example.framework */ = {isa = PBXFileReference; explicitFileType = wrapper.framework; includeInIndex = 0; path = Pods_ScrollableTabs_Example.framework; sourceTree = BUILT_PRODUCTS_DIR; };
/* End PBXFileReference section */

/* Begin PBXFrameworksBuildPhase section */
		17C3809C288ED14600D3EE9F /* Frameworks */ = {
			isa = PBXFrameworksBuildPhase;
			buildActionMask = 2147483647;
			files = (
				17C380B7288ED43900D3EE9F /* ScrollableTabs_Framework.framework in Frameworks */,
				745446EF3AE316CC52E93A75 /* Pods_ScrollableTabs_Example.framework in Frameworks */,
			);
			runOnlyForDeploymentPostprocessing = 0;
		};
/* End PBXFrameworksBuildPhase section */

/* Begin PBXGroup section */
		0C2F86DCB91BFA7C17A4E74C /* Frameworks */ = {
			isa = PBXGroup;
			children = (
				17C380B6288ED43900D3EE9F /* ScrollableTabs_Framework.framework */,
				FF01DA99904B0BCC76561E86 /* Pods_ScrollableTabs_Example.framework */,
			);
			name = Frameworks;
			sourceTree = "<group>";
		};
		17C38096288ED14600D3EE9F = {
			isa = PBXGroup;
			children = (
				17C380A1288ED14600D3EE9F /* ScrollableTabs_Example */,
				17C380A0288ED14600D3EE9F /* Products */,
				BBEC5510D72C28FB948F1EDA /* Pods */,
				0C2F86DCB91BFA7C17A4E74C /* Frameworks */,
			);
			sourceTree = "<group>";
		};
		17C380A0288ED14600D3EE9F /* Products */ = {
			isa = PBXGroup;
			children = (
				17C3809F288ED14600D3EE9F /* ScrollableTabs_Example.app */,
			);
			name = Products;
			sourceTree = "<group>";
		};
		17C380A1288ED14600D3EE9F /* ScrollableTabs_Example */ = {
			isa = PBXGroup;
			children = (
				17C380A2288ED14600D3EE9F /* AppDelegate.swift */,
				17C380A6288ED14600D3EE9F /* ExampleScrollableTabsViewController.swift */,
				17C380A8288ED14600D3EE9F /* Main.storyboard */,
				17C380AB288ED14800D3EE9F /* Assets.xcassets */,
				17C380AD288ED14800D3EE9F /* LaunchScreen.storyboard */,
				17C380B0288ED14800D3EE9F /* Info.plist */,
			);
			path = ScrollableTabs_Example;
			sourceTree = "<group>";
		};
		BBEC5510D72C28FB948F1EDA /* Pods */ = {
			isa = PBXGroup;
			children = (
				83CFA341A7E2AABFF3ED42B9 /* Pods-ScrollableTabs_Example.debug.xcconfig */,
				683592F78434239863E0D89D /* Pods-ScrollableTabs_Example.release.xcconfig */,
			);
			path = Pods;
			sourceTree = "<group>";
		};
/* End PBXGroup section */

/* Begin PBXNativeTarget section */
		17C3809E288ED14600D3EE9F /* ScrollableTabs_Example */ = {
			isa = PBXNativeTarget;
			buildConfigurationList = 17C380B3288ED14800D3EE9F /* Build configuration list for PBXNativeTarget "ScrollableTabs_Example" */;
			buildPhases = (
				028CEAA551961027BA6AFC44 /* [CP] Check Pods Manifest.lock */,
				17C380BA288ED47500D3EE9F /* Swiftlint script */,
				17C3809B288ED14600D3EE9F /* Sources */,
				17C3809C288ED14600D3EE9F /* Frameworks */,
				17C3809D288ED14600D3EE9F /* Resources */,
				17C380B9288ED43A00D3EE9F /* Embed Frameworks */,
			);
			buildRules = (
			);
			dependencies = (
			);
			name = ScrollableTabs_Example;
			productName = ScrollableTabs_Example;
			productReference = 17C3809F288ED14600D3EE9F /* ScrollableTabs_Example.app */;
			productType = "com.apple.product-type.application";
		};
/* End PBXNativeTarget section */

/* Begin PBXProject section */
		17C38097288ED14600D3EE9F /* Project object */ = {
			isa = PBXProject;
			attributes = {
				BuildIndependentTargetsInParallel = 1;
				LastSwiftUpdateCheck = 1330;
				LastUpgradeCheck = 1330;
				TargetAttributes = {
					17C3809E288ED14600D3EE9F = {
						CreatedOnToolsVersion = 13.3.1;
					};
				};
			};
			buildConfigurationList = 17C3809A288ED14600D3EE9F /* Build configuration list for PBXProject "ScrollableTabs_Example" */;
			compatibilityVersion = "Xcode 13.0";
			developmentRegion = en;
			hasScannedForEncodings = 0;
			knownRegions = (
				en,
				Base,
			);
			mainGroup = 17C38096288ED14600D3EE9F;
			productRefGroup = 17C380A0288ED14600D3EE9F /* Products */;
			projectDirPath = "";
			projectRoot = "";
			targets = (
				17C3809E288ED14600D3EE9F /* ScrollableTabs_Example */,
			);
		};
/* End PBXProject section */

/* Begin PBXResourcesBuildPhase section */
		17C3809D288ED14600D3EE9F /* Resources */ = {
			isa = PBXResourcesBuildPhase;
			buildActionMask = 2147483647;
			files = (
				17C380AF288ED14800D3EE9F /* LaunchScreen.storyboard in Resources */,
				17C380AC288ED14800D3EE9F /* Assets.xcassets in Resources */,
				17C380AA288ED14600D3EE9F /* Main.storyboard in Resources */,
			);
			runOnlyForDeploymentPostprocessing = 0;
		};
/* End PBXResourcesBuildPhase section */

/* Begin PBXShellScriptBuildPhase section */
		028CEAA551961027BA6AFC44 /* [CP] Check Pods Manifest.lock */ = {
			isa = PBXShellScriptBuildPhase;
			buildActionMask = 2147483647;
			files = (
			);
			inputFileListPaths = (
			);
			inputPaths = (
				"${PODS_PODFILE_DIR_PATH}/Podfile.lock",
				"${PODS_ROOT}/Manifest.lock",
			);
			name = "[CP] Check Pods Manifest.lock";
			outputFileListPaths = (
			);
			outputPaths = (
				"$(DERIVED_FILE_DIR)/Pods-ScrollableTabs_Example-checkManifestLockResult.txt",
			);
			runOnlyForDeploymentPostprocessing = 0;
			shellPath = /bin/sh;
			shellScript = "diff \"${PODS_PODFILE_DIR_PATH}/Podfile.lock\" \"${PODS_ROOT}/Manifest.lock\" > /dev/null\nif [ $? != 0 ] ; then\n    # print error to STDERR\n    echo \"error: The sandbox is not in sync with the Podfile.lock. Run 'pod install' or update your CocoaPods installation.\" >&2\n    exit 1\nfi\n# This output is used by Xcode 'outputs' to avoid re-running this script phase.\necho \"SUCCESS\" > \"${SCRIPT_OUTPUT_FILE_0}\"\n";
			showEnvVarsInLog = 0;
		};
		17C380BA288ED47500D3EE9F /* Swiftlint script */ = {
			isa = PBXShellScriptBuildPhase;
			buildActionMask = 2147483647;
			files = (
			);
			inputFileListPaths = (
			);
			inputPaths = (
			);
			name = "Swiftlint script";
			outputFileListPaths = (
			);
			outputPaths = (
			);
			runOnlyForDeploymentPostprocessing = 0;
			shellPath = /bin/sh;
			shellScript = "#debug log\nset -x\n\n${PODS_ROOT}/SwiftLint/swiftlint\n";
		};
/* End PBXShellScriptBuildPhase section */

/* Begin PBXSourcesBuildPhase section */
		17C3809B288ED14600D3EE9F /* Sources */ = {
			isa = PBXSourcesBuildPhase;
			buildActionMask = 2147483647;
			files = (
				17C380A7288ED14600D3EE9F /* ExampleScrollableTabsViewController.swift in Sources */,
				17C380A3288ED14600D3EE9F /* AppDelegate.swift in Sources */,
			);
			runOnlyForDeploymentPostprocessing = 0;
		};
/* End PBXSourcesBuildPhase section */

/* Begin PBXVariantGroup section */
		17C380A8288ED14600D3EE9F /* Main.storyboard */ = {
			isa = PBXVariantGroup;
			children = (
				17C380A9288ED14600D3EE9F /* Base */,
			);
			name = Main.storyboard;
			sourceTree = "<group>";
		};
		17C380AD288ED14800D3EE9F /* LaunchScreen.storyboard */ = {
			isa = PBXVariantGroup;
			children = (
				17C380AE288ED14800D3EE9F /* Base */,
			);
			name = LaunchScreen.storyboard;
			sourceTree = "<group>";
		};
/* End PBXVariantGroup section */

/* Begin XCBuildConfiguration section */
		17C380B1288ED14800D3EE9F /* Debug */ = {
			isa = XCBuildConfiguration;
			buildSettings = {
				ALWAYS_SEARCH_USER_PATHS = NO;
				CLANG_ANALYZER_NONNULL = YES;
				CLANG_ANALYZER_NUMBER_OBJECT_CONVERSION = YES_AGGRESSIVE;
				CLANG_CXX_LANGUAGE_STANDARD = "gnu++17";
				CLANG_ENABLE_MODULES = YES;
				CLANG_ENABLE_OBJC_ARC = YES;
				CLANG_ENABLE_OBJC_WEAK = YES;
				CLANG_WARN_BLOCK_CAPTURE_AUTORELEASING = YES;
				CLANG_WARN_BOOL_CONVERSION = YES;
				CLANG_WARN_COMMA = YES;
				CLANG_WARN_CONSTANT_CONVERSION = YES;
				CLANG_WARN_DEPRECATED_OBJC_IMPLEMENTATIONS = YES;
				CLANG_WARN_DIRECT_OBJC_ISA_USAGE = YES_ERROR;
				CLANG_WARN_DOCUMENTATION_COMMENTS = YES;
				CLANG_WARN_EMPTY_BODY = YES;
				CLANG_WARN_ENUM_CONVERSION = YES;
				CLANG_WARN_INFINITE_RECURSION = YES;
				CLANG_WARN_INT_CONVERSION = YES;
				CLANG_WARN_NON_LITERAL_NULL_CONVERSION = YES;
				CLANG_WARN_OBJC_IMPLICIT_RETAIN_SELF = YES;
				CLANG_WARN_OBJC_LITERAL_CONVERSION = YES;
				CLANG_WARN_OBJC_ROOT_CLASS = YES_ERROR;
				CLANG_WARN_QUOTED_INCLUDE_IN_FRAMEWORK_HEADER = YES;
				CLANG_WARN_RANGE_LOOP_ANALYSIS = YES;
				CLANG_WARN_STRICT_PROTOTYPES = YES;
				CLANG_WARN_SUSPICIOUS_MOVE = YES;
				CLANG_WARN_UNGUARDED_AVAILABILITY = YES_AGGRESSIVE;
				CLANG_WARN_UNREACHABLE_CODE = YES;
				CLANG_WARN__DUPLICATE_METHOD_MATCH = YES;
				COPY_PHASE_STRIP = NO;
				DEBUG_INFORMATION_FORMAT = dwarf;
				ENABLE_STRICT_OBJC_MSGSEND = YES;
				ENABLE_TESTABILITY = YES;
				GCC_C_LANGUAGE_STANDARD = gnu11;
				GCC_DYNAMIC_NO_PIC = NO;
				GCC_NO_COMMON_BLOCKS = YES;
				GCC_OPTIMIZATION_LEVEL = 0;
				GCC_PREPROCESSOR_DEFINITIONS = (
					"DEBUG=1",
					"$(inherited)",
				);
				GCC_WARN_64_TO_32_BIT_CONVERSION = YES;
				GCC_WARN_ABOUT_RETURN_TYPE = YES_ERROR;
				GCC_WARN_UNDECLARED_SELECTOR = YES;
				GCC_WARN_UNINITIALIZED_AUTOS = YES_AGGRESSIVE;
				GCC_WARN_UNUSED_FUNCTION = YES;
				GCC_WARN_UNUSED_VARIABLE = YES;
				IPHONEOS_DEPLOYMENT_TARGET = 15.0;
				MTL_ENABLE_DEBUG_INFO = INCLUDE_SOURCE;
				MTL_FAST_MATH = YES;
				ONLY_ACTIVE_ARCH = YES;
				SDKROOT = iphoneos;
				SWIFT_ACTIVE_COMPILATION_CONDITIONS = DEBUG;
				SWIFT_OPTIMIZATION_LEVEL = "-Onone";
			};
			name = Debug;
		};
		17C380B2288ED14800D3EE9F /* Release */ = {
			isa = XCBuildConfiguration;
			buildSettings = {
				ALWAYS_SEARCH_USER_PATHS = NO;
				CLANG_ANALYZER_NONNULL = YES;
				CLANG_ANALYZER_NUMBER_OBJECT_CONVERSION = YES_AGGRESSIVE;
				CLANG_CXX_LANGUAGE_STANDARD = "gnu++17";
				CLANG_ENABLE_MODULES = YES;
				CLANG_ENABLE_OBJC_ARC = YES;
				CLANG_ENABLE_OBJC_WEAK = YES;
				CLANG_WARN_BLOCK_CAPTURE_AUTORELEASING = YES;
				CLANG_WARN_BOOL_CONVERSION = YES;
				CLANG_WARN_COMMA = YES;
				CLANG_WARN_CONSTANT_CONVERSION = YES;
				CLANG_WARN_DEPRECATED_OBJC_IMPLEMENTATIONS = YES;
				CLANG_WARN_DIRECT_OBJC_ISA_USAGE = YES_ERROR;
				CLANG_WARN_DOCUMENTATION_COMMENTS = YES;
				CLANG_WARN_EMPTY_BODY = YES;
				CLANG_WARN_ENUM_CONVERSION = YES;
				CLANG_WARN_INFINITE_RECURSION = YES;
				CLANG_WARN_INT_CONVERSION = YES;
				CLANG_WARN_NON_LITERAL_NULL_CONVERSION = YES;
				CLANG_WARN_OBJC_IMPLICIT_RETAIN_SELF = YES;
				CLANG_WARN_OBJC_LITERAL_CONVERSION = YES;
				CLANG_WARN_OBJC_ROOT_CLASS = YES_ERROR;
				CLANG_WARN_QUOTED_INCLUDE_IN_FRAMEWORK_HEADER = YES;
				CLANG_WARN_RANGE_LOOP_ANALYSIS = YES;
				CLANG_WARN_STRICT_PROTOTYPES = YES;
				CLANG_WARN_SUSPICIOUS_MOVE = YES;
				CLANG_WARN_UNGUARDED_AVAILABILITY = YES_AGGRESSIVE;
				CLANG_WARN_UNREACHABLE_CODE = YES;
				CLANG_WARN__DUPLICATE_METHOD_MATCH = YES;
				COPY_PHASE_STRIP = NO;
				DEBUG_INFORMATION_FORMAT = "dwarf-with-dsym";
				ENABLE_NS_ASSERTIONS = NO;
				ENABLE_STRICT_OBJC_MSGSEND = YES;
				GCC_C_LANGUAGE_STANDARD = gnu11;
				GCC_NO_COMMON_BLOCKS = YES;
				GCC_WARN_64_TO_32_BIT_CONVERSION = YES;
				GCC_WARN_ABOUT_RETURN_TYPE = YES_ERROR;
				GCC_WARN_UNDECLARED_SELECTOR = YES;
				GCC_WARN_UNINITIALIZED_AUTOS = YES_AGGRESSIVE;
				GCC_WARN_UNUSED_FUNCTION = YES;
				GCC_WARN_UNUSED_VARIABLE = YES;
				IPHONEOS_DEPLOYMENT_TARGET = 15.0;
				MTL_ENABLE_DEBUG_INFO = NO;
				MTL_FAST_MATH = YES;
				SDKROOT = iphoneos;
				SWIFT_COMPILATION_MODE = wholemodule;
				SWIFT_OPTIMIZATION_LEVEL = "-O";
				VALIDATE_PRODUCT = YES;
			};
			name = Release;
		};
		17C380B4288ED14800D3EE9F /* Debug */ = {
			isa = XCBuildConfiguration;
			baseConfigurationReference = 83CFA341A7E2AABFF3ED42B9 /* Pods-ScrollableTabs_Example.debug.xcconfig */;
			buildSettings = {
				ASSETCATALOG_COMPILER_APPICON_NAME = AppIcon;
				ASSETCATALOG_COMPILER_GLOBAL_ACCENT_COLOR_NAME = AccentColor;
				CODE_SIGN_STYLE = Automatic;
				CURRENT_PROJECT_VERSION = 1;
				DEVELOPMENT_TEAM = MW2UF479VW;
				GENERATE_INFOPLIST_FILE = YES;
				INFOPLIST_FILE = ScrollableTabs_Example/Info.plist;
				INFOPLIST_KEY_UIApplicationSupportsIndirectInputEvents = YES;
				INFOPLIST_KEY_UILaunchStoryboardName = LaunchScreen;
				INFOPLIST_KEY_UIMainStoryboardFile = Main;
				INFOPLIST_KEY_UISupportedInterfaceOrientations = "UIInterfaceOrientationPortrait UIInterfaceOrientationLandscapeLeft UIInterfaceOrientationLandscapeRight";
				INFOPLIST_KEY_UISupportedInterfaceOrientations_iPad = "UIInterfaceOrientationPortrait UIInterfaceOrientationPortraitUpsideDown UIInterfaceOrientationLandscapeLeft UIInterfaceOrientationLandscapeRight";
				INFOPLIST_KEY_UISupportedInterfaceOrientations_iPhone = "UIInterfaceOrientationPortrait UIInterfaceOrientationLandscapeLeft UIInterfaceOrientationLandscapeRight";
				LD_RUNPATH_SEARCH_PATHS = (
					"$(inherited)",
					"@executable_path/Frameworks",
				);
				MARKETING_VERSION = 1.0;
				PRODUCT_BUNDLE_IDENTIFIER = "com.shakuro.Router-Framework.ScrollableTabs-Example";
				PRODUCT_NAME = "$(TARGET_NAME)";
				SWIFT_EMIT_LOC_STRINGS = YES;
				SWIFT_VERSION = 5.0;
				TARGETED_DEVICE_FAMILY = "1,2";
			};
			name = Debug;
		};
		17C380B5288ED14800D3EE9F /* Release */ = {
			isa = XCBuildConfiguration;
			baseConfigurationReference = 683592F78434239863E0D89D /* Pods-ScrollableTabs_Example.release.xcconfig */;
			buildSettings = {
				ASSETCATALOG_COMPILER_APPICON_NAME = AppIcon;
				ASSETCATALOG_COMPILER_GLOBAL_ACCENT_COLOR_NAME = AccentColor;
				CODE_SIGN_STYLE = Automatic;
				CURRENT_PROJECT_VERSION = 1;
				DEVELOPMENT_TEAM = MW2UF479VW;
				GENERATE_INFOPLIST_FILE = YES;
				INFOPLIST_FILE = ScrollableTabs_Example/Info.plist;
				INFOPLIST_KEY_UIApplicationSupportsIndirectInputEvents = YES;
				INFOPLIST_KEY_UILaunchStoryboardName = LaunchScreen;
				INFOPLIST_KEY_UIMainStoryboardFile = Main;
				INFOPLIST_KEY_UISupportedInterfaceOrientations = "UIInterfaceOrientationPortrait UIInterfaceOrientationLandscapeLeft UIInterfaceOrientationLandscapeRight";
				INFOPLIST_KEY_UISupportedInterfaceOrientations_iPad = "UIInterfaceOrientationPortrait UIInterfaceOrientationPortraitUpsideDown UIInterfaceOrientationLandscapeLeft UIInterfaceOrientationLandscapeRight";
				INFOPLIST_KEY_UISupportedInterfaceOrientations_iPhone = "UIInterfaceOrientationPortrait UIInterfaceOrientationLandscapeLeft UIInterfaceOrientationLandscapeRight";
				LD_RUNPATH_SEARCH_PATHS = (
					"$(inherited)",
					"@executable_path/Frameworks",
				);
				MARKETING_VERSION = 1.0;
				PRODUCT_BUNDLE_IDENTIFIER = "com.shakuro.Router-Framework.ScrollableTabs-Example";
				PRODUCT_NAME = "$(TARGET_NAME)";
				SWIFT_EMIT_LOC_STRINGS = YES;
				SWIFT_VERSION = 5.0;
				TARGETED_DEVICE_FAMILY = "1,2";
			};
			name = Release;
		};
/* End XCBuildConfiguration section */

/* Begin XCConfigurationList section */
		17C3809A288ED14600D3EE9F /* Build configuration list for PBXProject "ScrollableTabs_Example" */ = {
			isa = XCConfigurationList;
			buildConfigurations = (
				17C380B1288ED14800D3EE9F /* Debug */,
				17C380B2288ED14800D3EE9F /* Release */,
			);
			defaultConfigurationIsVisible = 0;
			defaultConfigurationName = Release;
		};
		17C380B3288ED14800D3EE9F /* Build configuration list for PBXNativeTarget "ScrollableTabs_Example" */ = {
			isa = XCConfigurationList;
			buildConfigurations = (
				17C380B4288ED14800D3EE9F /* Debug */,
				17C380B5288ED14800D3EE9F /* Release */,
			);
			defaultConfigurationIsVisible = 0;
			defaultConfigurationName = Release;
		};
/* End XCConfigurationList section */
	};
	rootObject = 17C38097288ED14600D3EE9F /* Project object */;
}
